
Microsoft Visual Studio Solution File, Format Version 12.00
# Visual Studio Version 16
VisualStudioVersion = 16.0.31729.503
MinimumVisualStudioVersion = 10.0.40219.1
Project("{8BC9CEB8-8B4A-11D0-8D11-00A0C91BC942}") = "BanqueLibrary", "BanqueLibrary\BanqueLibrary.vcxproj", "{3E064E62-8285-44D8-A78A-7780EA52A16C}"
EndProject
Project("{8BC9CEB8-8B4A-11D0-8D11-00A0C91BC942}") = "User-Banque", "User-Banque\User-Banque.vcxproj", "{A8D68BB7-8D44-4902-BBC7-379E3E7C3689}"
EndProject
Global
	GlobalSection(SolutionConfigurationPlatforms) = preSolution
		Debug|x64 = Debug|x64
		Debug|x86 = Debug|x86
		Release|x64 = Release|x64
		Release|x86 = Release|x86
	EndGlobalSection
	GlobalSection(ProjectConfigurationPlatforms) = postSolution
		{3E064E62-8285-44D8-A78A-7780EA52A16C}.Debug|x64.ActiveCfg = Debug|x64
		{3E064E62-8285-44D8-A78A-7780EA52A16C}.Debug|x64.Build.0 = Debug|x64
		{3E064E62-8285-44D8-A78A-7780EA52A16C}.Debug|x86.ActiveCfg = Debug|Win32
		{3E064E62-8285-44D8-A78A-7780EA52A16C}.Debug|x86.Build.0 = Debug|Win32
		{3E064E62-8285-44D8-A78A-7780EA52A16C}.Release|x64.ActiveCfg = Release|x64
		{3E064E62-8285-44D8-A78A-7780EA52A16C}.Release|x64.Build.0 = Release|x64
		{3E064E62-8285-44D8-A78A-7780EA52A16C}.Release|x86.ActiveCfg = Release|Win32
		{3E064E62-8285-44D8-A78A-7780EA52A16C}.Release|x86.Build.0 = Release|Win32
		{A8D68BB7-8D44-4902-BBC7-379E3E7C3689}.Debug|x64.ActiveCfg = Debug|x64
		{A8D68BB7-8D44-4902-BBC7-379E3E7C3689}.Debug|x64.Build.0 = Debug|x64
		{A8D68BB7-8D44-4902-BBC7-379E3E7C3689}.Debug|x86.ActiveCfg = Debug|Win32
		{A8D68BB7-8D44-4902-BBC7-379E3E7C3689}.Debug|x86.Build.0 = Debug|Win32
		{A8D68BB7-8D44-4902-BBC7-379E3E7C3689}.Release|x64.ActiveCfg = Release|x64
		{A8D68BB7-8D44-4902-BBC7-379E3E7C3689}.Release|x64.Build.0 = Release|x64
		{A8D68BB7-8D44-4902-BBC7-379E3E7C3689}.Release|x86.ActiveCfg = Release|Win32
		{A8D68BB7-8D44-4902-BBC7-379E3E7C3689}.Release|x86.Build.0 = Release|Win32
	EndGlobalSection
	GlobalSection(SolutionProperties) = preSolution
		HideSolutionNode = FALSE
	EndGlobalSection
	GlobalSection(ExtensibilityGlobals) = postSolution
		SolutionGuid = {C05B4FD7-7B02-412E-B403-11589CA822E5}
	EndGlobalSection
EndGlobal
